
Microsoft Visual Studio Solution File, Format Version 12.00
# Visual Studio Version 16
VisualStudioVersion = 25.0.1706.2
MinimumVisualStudioVersion = 10.0.40219.1
Project("{FAE04EC0-301F-11D3-BF4B-00C04F79EFBC}") = "UCS202308", "UCS202308\UCS202308.csproj", "{4ED434D1-05CB-40DF-9BCA-3D29B2400917}"
EndProject
Global
	GlobalSection(SolutionConfigurationPlatforms) = preSolution
		Debug|Any CPU = Debug|Any CPU
		Release|Any CPU = Release|Any CPU
	EndGlobalSection
	GlobalSection(ProjectConfigurationPlatforms) = postSolution
		{4ED434D1-05CB-40DF-9BCA-3D29B2400917}.Debug|Any CPU.ActiveCfg = Debug|Any CPU
		{4ED434D1-05CB-40DF-9BCA-3D29B2400917}.Debug|Any CPU.Build.0 = Debug|Any CPU
		{4ED434D1-05CB-40DF-9BCA-3D29B2400917}.Release|Any CPU.ActiveCfg = Release|Any CPU
		{4ED434D1-05CB-40DF-9BCA-3D29B2400917}.Release|Any CPU.Build.0 = Release|Any CPU
	EndGlobalSection
	GlobalSection(SolutionProperties) = preSolution
		HideSolutionNode = FALSE
	EndGlobalSection
	GlobalSection(ExtensibilityGlobals) = postSolution
		SolutionGuid = {B3DAC75D-C612-4533-9BA6-0F2E89D2E007}
	EndGlobalSection
EndGlobal
